
Microsoft Visual Studio Solution File, Format Version 12.00
# Visual Studio 15
VisualStudioVersion = 15.0.27130.2003
MinimumVisualStudioVersion = 10.0.40219.1
Project("{FAE04EC0-301F-11D3-BF4B-00C04F79EFBC}") = "GitHubApiParser", "GitHubApiParser\GitHubApiParser.csproj", "{55DD3E5E-5290-45D9-B539-FB0102BD8912}"
EndProject
Global
	GlobalSection(SolutionConfigurationPlatforms) = preSolution
		Debug|Any CPU = Debug|Any CPU
		Release|Any CPU = Release|Any CPU
	EndGlobalSection
	GlobalSection(ProjectConfigurationPlatforms) = postSolution
		{55DD3E5E-5290-45D9-B539-FB0102BD8912}.Debug|Any CPU.ActiveCfg = Debug|Any CPU
		{55DD3E5E-5290-45D9-B539-FB0102BD8912}.Debug|Any CPU.Build.0 = Debug|Any CPU
		{55DD3E5E-5290-45D9-B539-FB0102BD8912}.Release|Any CPU.ActiveCfg = Release|Any CPU
		{55DD3E5E-5290-45D9-B539-FB0102BD8912}.Release|Any CPU.Build.0 = Release|Any CPU
	EndGlobalSection
	GlobalSection(SolutionProperties) = preSolution
		HideSolutionNode = FALSE
	EndGlobalSection
	GlobalSection(ExtensibilityGlobals) = postSolution
		SolutionGuid = {9EE65777-440B-418D-9CFE-8CDEBD2BB5FC}
	EndGlobalSection
EndGlobal
